{
  "name": "@fds-design/utils",
  "version": "3.12.0",
  "lockfileVersion": 3,
  "requires": true,
  "packages": {
    "": {
      "name": "@fds-design/utils",
      "version": "3.12.0",
      "license": "Apache-2.0",
      "dependencies": {
        "@react-aria/i18n": "^3.12.4",
        "@react-aria/ssr": "^3.9.7",
        "@react-aria/utils": "^3.26.0",
        "@react-types/shared": "^3.26.0",
        "@swc/helpers": "^0.5.0",
        "clsx": "^2.0.0"
      },
      "peerDependencies": {
        "react": "^16.8.0 || ^17.0.0-rc.1 || ^18.0.0 || ^19.0.0-rc.1"
      }
    },
    "node_modules/@formatjs/ecma402-abstract": {
      "version": "2.3.1",
      "resolved": "https://registry.npmjs.org/@formatjs/ecma402-abstract/-/ecma402-abstract-2.3.1.tgz",
      "integrity": "sha512-Ip9uV+/MpLXWRk03U/GzeJMuPeOXpJBSB5V1tjA6kJhvqssye5J5LoYLc7Z5IAHb7nR62sRoguzrFiVCP/hnzw==",
      "license": "MIT",
      "dependencies": {
        "@formatjs/fast-memoize": "2.2.5",
        "@formatjs/intl-localematcher": "0.5.9",
        "decimal.js": "10",
        "tslib": "2"
      }
    },
    "node_modules/@formatjs/fast-memoize": {
      "version": "2.2.5",
      "resolved": "https://registry.npmjs.org/@formatjs/fast-memoize/-/fast-memoize-2.2.5.tgz",
      "integrity": "sha512-6PoewUMrrcqxSoBXAOJDiW1m+AmkrAj0RiXnOMD59GRaswjXhm3MDhgepXPBgonc09oSirAJTsAggzAGQf6A6g==",
      "license": "MIT",
      "dependencies": {
        "tslib": "2"
      }
    },
    "node_modules/@formatjs/icu-messageformat-parser": {
      "version": "2.9.7",
      "resolved": "https://registry.npmjs.org/@formatjs/icu-messageformat-parser/-/icu-messageformat-parser-2.9.7.tgz",
      "integrity": "sha512-cuEHyRM5VqLQobANOjtjlgU7+qmk9Q3fDQuBiRRJ3+Wp3ZoZhpUPtUfuimZXsir6SaI2TaAJ+SLo9vLnV5QcbA==",
      "license": "MIT",
      "dependencies": {
        "@formatjs/ecma402-abstract": "2.3.1",
        "@formatjs/icu-skeleton-parser": "1.8.11",
        "tslib": "2"
      }
    },
    "node_modules/@formatjs/icu-skeleton-parser": {
      "version": "1.8.11",
      "resolved": "https://registry.npmjs.org/@formatjs/icu-skeleton-parser/-/icu-skeleton-parser-1.8.11.tgz",
      "integrity": "sha512-8LlHHE/yL/zVJZHAX3pbKaCjZKmBIO6aJY1mkVh4RMSEu/2WRZ4Ysvv3kKXJ9M8RJLBHdnk1/dUQFdod1Dt7Dw==",
      "license": "MIT",
      "dependencies": {
        "@formatjs/ecma402-abstract": "2.3.1",
        "tslib": "2"
      }
    },
    "node_modules/@formatjs/intl-localematcher": {
      "version": "0.5.9",
      "resolved": "https://registry.npmjs.org/@formatjs/intl-localematcher/-/intl-localematcher-0.5.9.tgz",
      "integrity": "sha512-8zkGu/sv5euxbjfZ/xmklqLyDGQSxsLqg8XOq88JW3cmJtzhCP8EtSJXlaKZnVO4beEaoiT9wj4eIoCQ9smwxA==",
      "license": "MIT",
      "dependencies": {
        "tslib": "2"
      }
    },
    "node_modules/@internationalized/date": {
      "version": "3.6.0",
      "resolved": "https://registry.npmjs.org/@internationalized/date/-/date-3.6.0.tgz",
      "integrity": "sha512-+z6ti+CcJnRlLHok/emGEsWQhe7kfSmEW+/6qCzvKY67YPh7YOBfvc7+/+NXq+zJlbArg30tYpqLjNgcAYv2YQ==",
      "license": "Apache-2.0",
      "dependencies": {
        "@swc/helpers": "^0.5.0"
      }
    },
    "node_modules/@internationalized/message": {
      "version": "3.1.6",
      "resolved": "https://registry.npmjs.org/@internationalized/message/-/message-3.1.6.tgz",
      "integrity": "sha512-JxbK3iAcTIeNr1p0WIFg/wQJjIzJt9l/2KNY/48vXV7GRGZSv3zMxJsce008fZclk2cDC8y0Ig3odceHO7EfNQ==",
      "license": "Apache-2.0",
      "dependencies": {
        "@swc/helpers": "^0.5.0",
        "intl-messageformat": "^10.1.0"
      }
    },
    "node_modules/@internationalized/number": {
      "version": "3.6.0",
      "resolved": "https://registry.npmjs.org/@internationalized/number/-/number-3.6.0.tgz",
      "integrity": "sha512-PtrRcJVy7nw++wn4W2OuePQQfTqDzfusSuY1QTtui4wa7r+rGVtR75pO8CyKvHvzyQYi3Q1uO5sY0AsB4e65Bw==",
      "license": "Apache-2.0",
      "dependencies": {
        "@swc/helpers": "^0.5.0"
      }
    },
    "node_modules/@internationalized/string": {
      "version": "3.2.5",
      "resolved": "https://registry.npmjs.org/@internationalized/string/-/string-3.2.5.tgz",
      "integrity": "sha512-rKs71Zvl2OKOHM+mzAFMIyqR5hI1d1O6BBkMK2/lkfg3fkmVh9Eeg0awcA8W2WqYqDOv6a86DIOlFpggwLtbuw==",
      "license": "Apache-2.0",
      "dependencies": {
        "@swc/helpers": "^0.5.0"
      }
    },
    "node_modules/@react-aria/i18n": {
      "version": "3.12.4",
      "resolved": "https://registry.npmjs.org/@react-aria/i18n/-/i18n-3.12.4.tgz",
      "integrity": "sha512-j9+UL3q0Ls8MhXV9gtnKlyozq4aM95YywXqnmJtzT1rYeBx7w28hooqrWkCYLfqr4OIryv1KUnPiCSLwC2OC7w==",
      "license": "Apache-2.0",
      "dependencies": {
        "@internationalized/date": "^3.6.0",
        "@internationalized/message": "^3.1.6",
        "@internationalized/number": "^3.6.0",
        "@internationalized/string": "^3.2.5",
        "@react-aria/ssr": "^3.9.7",
        "@react-aria/utils": "^3.26.0",
        "@react-types/shared": "^3.26.0",
        "@swc/helpers": "^0.5.0"
      },
      "peerDependencies": {
        "react": "^16.8.0 || ^17.0.0-rc.1 || ^18.0.0 || ^19.0.0-rc.1"
      }
    },
    "node_modules/@react-aria/ssr": {
      "version": "3.9.7",
      "resolved": "https://registry.npmjs.org/@react-aria/ssr/-/ssr-3.9.7.tgz",
      "integrity": "sha512-GQygZaGlmYjmYM+tiNBA5C6acmiDWF52Nqd40bBp0Znk4M4hP+LTmI0lpI1BuKMw45T8RIhrAsICIfKwZvi2Gg==",
      "license": "Apache-2.0",
      "dependencies": {
        "@swc/helpers": "^0.5.0"
      },
      "engines": {
        "node": ">= 12"
      },
      "peerDependencies": {
        "react": "^16.8.0 || ^17.0.0-rc.1 || ^18.0.0 || ^19.0.0-rc.1"
      }
    },
    "node_modules/@react-aria/utils": {
      "version": "3.26.0",
      "resolved": "https://registry.npmjs.org/@react-aria/utils/-/utils-3.26.0.tgz",
      "integrity": "sha512-LkZouGSjjQ0rEqo4XJosS4L3YC/zzQkfRM3KoqK6fUOmUJ9t0jQ09WjiF+uOoG9u+p30AVg3TrZRUWmoTS+koQ==",
      "license": "Apache-2.0",
      "dependencies": {
        "@react-aria/ssr": "^3.9.7",
        "@react-stately/utils": "^3.10.5",
        "@react-types/shared": "^3.26.0",
        "@swc/helpers": "^0.5.0",
        "clsx": "^2.0.0"
      },
      "peerDependencies": {
        "react": "^16.8.0 || ^17.0.0-rc.1 || ^18.0.0 || ^19.0.0-rc.1"
      }
    },
    "node_modules/@react-stately/utils": {
      "version": "3.10.5",
      "resolved": "https://registry.npmjs.org/@react-stately/utils/-/utils-3.10.5.tgz",
      "integrity": "sha512-iMQSGcpaecghDIh3mZEpZfoFH3ExBwTtuBEcvZ2XnGzCgQjeYXcMdIUwAfVQLXFTdHUHGF6Gu6/dFrYsCzySBQ==",
      "license": "Apache-2.0",
      "dependencies": {
        "@swc/helpers": "^0.5.0"
      },
      "peerDependencies": {
        "react": "^16.8.0 || ^17.0.0-rc.1 || ^18.0.0 || ^19.0.0-rc.1"
      }
    },
    "node_modules/@react-types/shared": {
      "version": "3.26.0",
      "resolved": "https://registry.npmjs.org/@react-types/shared/-/shared-3.26.0.tgz",
      "integrity": "sha512-6FuPqvhmjjlpEDLTiYx29IJCbCNWPlsyO+ZUmCUXzhUv2ttShOXfw8CmeHWHftT/b2KweAWuzqSlfeXPR76jpw==",
      "license": "Apache-2.0",
      "peerDependencies": {
        "react": "^16.8.0 || ^17.0.0-rc.1 || ^18.0.0 || ^19.0.0-rc.1"
      }
    },
    "node_modules/@swc/helpers": {
      "version": "0.5.15",
      "resolved": "https://registry.npmjs.org/@swc/helpers/-/helpers-0.5.15.tgz",
      "integrity": "sha512-JQ5TuMi45Owi4/BIMAJBoSQoOJu12oOk/gADqlcUL9JEdHB8vyjUSsxqeNXnmXHjYKMi2WcYtezGEEhqUI/E2g==",
      "license": "Apache-2.0",
      "dependencies": {
        "tslib": "^2.8.0"
      }
    },
    "node_modules/clsx": {
      "version": "2.1.1",
      "resolved": "https://registry.npmjs.org/clsx/-/clsx-2.1.1.tgz",
      "integrity": "sha512-eYm0QWBtUrBWZWG0d386OGAw16Z995PiOVo2B7bjWSbHedGl5e0ZWaq65kOGgUSNesEIDkB9ISbTg/JK9dhCZA==",
      "license": "MIT",
      "engines": {
        "node": ">=6"
      }
    },
    "node_modules/decimal.js": {
      "version": "10.4.3",
      "resolved": "https://registry.npmjs.org/decimal.js/-/decimal.js-10.4.3.tgz",
      "integrity": "sha512-VBBaLc1MgL5XpzgIP7ny5Z6Nx3UrRkIViUkPUdtl9aya5amy3De1gsUUSB1g3+3sExYNjCAsAznmukyxCb1GRA==",
      "license": "MIT"
    },
    "node_modules/intl-messageformat": {
      "version": "10.7.10",
      "resolved": "https://registry.npmjs.org/intl-messageformat/-/intl-messageformat-10.7.10.tgz",
      "integrity": "sha512-hp7iejCBiJdW3zmOe18FdlJu8U/JsADSDiBPQhfdSeI8B9POtvPRvPh3nMlvhYayGMKLv6maldhR7y3Pf1vkpw==",
      "license": "BSD-3-Clause",
      "dependencies": {
        "@formatjs/ecma402-abstract": "2.3.1",
        "@formatjs/fast-memoize": "2.2.5",
        "@formatjs/icu-messageformat-parser": "2.9.7",
        "tslib": "2"
      }
    },
    "node_modules/react": {
      "version": "19.0.0",
      "resolved": "https://registry.npmjs.org/react/-/react-19.0.0.tgz",
      "integrity": "sha512-V8AVnmPIICiWpGfm6GLzCR/W5FXLchHop40W4nXBmdlEceh16rCN8O8LNWm5bh5XUX91fh7KpA+W0TgMKmgTpQ==",
      "license": "MIT",
      "peer": true,
      "engines": {
        "node": ">=0.10.0"
      }
    },
    "node_modules/tslib": {
      "version": "2.8.1",
      "resolved": "https://registry.npmjs.org/tslib/-/tslib-2.8.1.tgz",
      "integrity": "sha512-oJFu94HQb+KVduSUQL7wnpmqnfmLsOA/nAh6b6EH0wCEoK0/mPeXU6c3wKDV83MkOuHPRHtSXKKU99IBazS/2w==",
      "license": "0BSD"
    }
  }
}
